
Microsoft Visual Studio Solution File, Format Version 12.00
# Visual Studio Version 16
VisualStudioVersion = 16.0.31321.278
MinimumVisualStudioVersion = 10.0.40219.1
Project("{FAE04EC0-301F-11D3-BF4B-00C04F79EFBC}") = "Salvo", "Salvo\Salvo.csproj", "{7AB1C619-27B8-4CEF-AF76-867E7A5C43BC}"
EndProject
Global
	GlobalSection(SolutionConfigurationPlatforms) = preSolution
		Debug|Any CPU = Debug|Any CPU
		Release|Any CPU = Release|Any CPU
	EndGlobalSection
	GlobalSection(ProjectConfigurationPlatforms) = postSolution
		{7AB1C619-27B8-4CEF-AF76-867E7A5C43BC}.Debug|Any CPU.ActiveCfg = Debug|Any CPU
		{7AB1C619-27B8-4CEF-AF76-867E7A5C43BC}.Debug|Any CPU.Build.0 = Debug|Any CPU
		{7AB1C619-27B8-4CEF-AF76-867E7A5C43BC}.Release|Any CPU.ActiveCfg = Release|Any CPU
		{7AB1C619-27B8-4CEF-AF76-867E7A5C43BC}.Release|Any CPU.Build.0 = Release|Any CPU
	EndGlobalSection
	GlobalSection(SolutionProperties) = preSolution
		HideSolutionNode = FALSE
	EndGlobalSection
	GlobalSection(ExtensibilityGlobals) = postSolution
		SolutionGuid = {575AE305-D10E-491D-8899-1CF4FA4F7919}
	EndGlobalSection
EndGlobal
